
Microsoft Visual Studio Solution File, Format Version 12.00
# Visual Studio Version 16
VisualStudioVersion = 16.0.31624.102
MinimumVisualStudioVersion = 10.0.40219.1
Project("{FAE04EC0-301F-11D3-BF4B-00C04F79EFBC}") = "Parcial Uno GPI", "Parcial Uno GPI\Parcial Uno GPI.csproj", "{C43C29C8-1553-4F87-8E20-CBCEE0AE7E6D}"
EndProject
Global
	GlobalSection(SolutionConfigurationPlatforms) = preSolution
		Debug|Any CPU = Debug|Any CPU
		Release|Any CPU = Release|Any CPU
	EndGlobalSection
	GlobalSection(ProjectConfigurationPlatforms) = postSolution
		{C43C29C8-1553-4F87-8E20-CBCEE0AE7E6D}.Debug|Any CPU.ActiveCfg = Debug|Any CPU
		{C43C29C8-1553-4F87-8E20-CBCEE0AE7E6D}.Debug|Any CPU.Build.0 = Debug|Any CPU
		{C43C29C8-1553-4F87-8E20-CBCEE0AE7E6D}.Release|Any CPU.ActiveCfg = Release|Any CPU
		{C43C29C8-1553-4F87-8E20-CBCEE0AE7E6D}.Release|Any CPU.Build.0 = Release|Any CPU
	EndGlobalSection
	GlobalSection(SolutionProperties) = preSolution
		HideSolutionNode = FALSE
	EndGlobalSection
	GlobalSection(ExtensibilityGlobals) = postSolution
		SolutionGuid = {3C067B22-4266-44DD-B65D-4B5B92694826}
	EndGlobalSection
EndGlobal
